
Microsoft Visual Studio Solution File, Format Version 12.00
# Visual Studio Version 17
VisualStudioVersion = 17.6.33829.357
MinimumVisualStudioVersion = 10.0.40219.1
Project("{FAE04EC0-301F-11D3-BF4B-00C04F79EFBC}") = "Construction", "Construction\Construction.csproj", "{BB36C25F-1172-418C-9BDC-FE0377123956}"
EndProject
Global
	GlobalSection(SolutionConfigurationPlatforms) = preSolution
		Debug|Any CPU = Debug|Any CPU
		Release|Any CPU = Release|Any CPU
	EndGlobalSection
	GlobalSection(ProjectConfigurationPlatforms) = postSolution
		{BB36C25F-1172-418C-9BDC-FE0377123956}.Debug|Any CPU.ActiveCfg = Debug|Any CPU
		{BB36C25F-1172-418C-9BDC-FE0377123956}.Debug|Any CPU.Build.0 = Debug|Any CPU
		{BB36C25F-1172-418C-9BDC-FE0377123956}.Release|Any CPU.ActiveCfg = Release|Any CPU
		{BB36C25F-1172-418C-9BDC-FE0377123956}.Release|Any CPU.Build.0 = Release|Any CPU
	EndGlobalSection
	GlobalSection(SolutionProperties) = preSolution
		HideSolutionNode = FALSE
	EndGlobalSection
	GlobalSection(ExtensibilityGlobals) = postSolution
		SolutionGuid = {F7DD0A5E-AC45-4AD3-AE07-F92BDAC9FC2E}
	EndGlobalSection
EndGlobal
